<Solution>
  <Folder Name="/src/">
    <Project Path="src/WeatherApi.Api/WeatherApi.Api.csproj" />
    <Project Path="src/WeatherApi.Application/WeatherApi.Application.csproj" />
    <Project Path="src/WeatherApi.Domain/WeatherApi.Domain.csproj" />
    <Project Path="src/WeatherApi.Infrastructure/WeatherApi.Infrastructure.csproj" />
  </Folder>
  <Folder Name="/tests/">
    <Project Path="tests/WeatherApi.IntegrationTests/WeatherApi.IntegrationTests.csproj" />
    <Project Path="tests/WeatherApi.UnitTests/WeatherApi.UnitTests.csproj" />
  </Folder>
</Solution>
